<Solution>
  <Project Path="CommunityLink.Api.Tests/CommunityLink.Api.Tests.csproj" />
  <Project Path="CommunityLink.Api/CommunityLink.Api.csproj" />
  <Project Path="CommunityLink.App.Tests/CommunityLink.App.Tests.csproj" />
  <Project Path="CommunityLink.App/CommunityLink.App.csproj" />
  <Project Path="CommunityLink.Database/CommunityLink.Database.csproj" />
  <Project Path="CommunityLink.Domain/CommunityLink.Domain.csproj" />
  <Project Path="CommunityLink.Shared/CommunityLink.Shared.csproj" />
</Solution>
